
Microsoft Visual Studio Solution File, Format Version 12.00
# Visual Studio Version 17
VisualStudioVersion = 17.12.35527.113
MinimumVisualStudioVersion = 10.0.40219.1
Project("{FAE04EC0-301F-11D3-BF4B-00C04F79EFBC}") = "khata", "khata\khata.csproj", "{DBF828BD-3CD0-4A35-ACE0-1D6FAEDA31CB}"
EndProject
Global
	GlobalSection(SolutionConfigurationPlatforms) = preSolution
		Debug|Any CPU = Debug|Any CPU
		Release|Any CPU = Release|Any CPU
	EndGlobalSection
	GlobalSection(ProjectConfigurationPlatforms) = postSolution
		{DBF828BD-3CD0-4A35-ACE0-1D6FAEDA31CB}.Debug|Any CPU.ActiveCfg = Debug|Any CPU
		{DBF828BD-3CD0-4A35-ACE0-1D6FAEDA31CB}.Debug|Any CPU.Build.0 = Debug|Any CPU
		{DBF828BD-3CD0-4A35-ACE0-1D6FAEDA31CB}.Release|Any CPU.ActiveCfg = Release|Any CPU
		{DBF828BD-3CD0-4A35-ACE0-1D6FAEDA31CB}.Release|Any CPU.Build.0 = Release|Any CPU
	EndGlobalSection
	GlobalSection(SolutionProperties) = preSolution
		HideSolutionNode = FALSE
	EndGlobalSection
EndGlobal
